
Microsoft Visual Studio Solution File, Format Version 12.00
# Visual Studio Version 16
VisualStudioVersion = 16.0.30503.244
MinimumVisualStudioVersion = 10.0.40219.1
Project("{2150E333-8FDC-42A3-9474-1A3956D46DE8}") = "Microservices", "Microservices", "{5FFE7E49-DF30-48A5-8806-1BA0D0D05401}"
EndProject
Project("{2150E333-8FDC-42A3-9474-1A3956D46DE8}") = "Domain", "Domain", "{311E4C1E-13CE-4862-90AF-ECE223914F20}"
EndProject
Project("{2150E333-8FDC-42A3-9474-1A3956D46DE8}") = "Infrastructure.Bus", "Infrastructure.Bus", "{66F9DBF8-7988-4700-B917-5E6E99CA2FC6}"
EndProject
Project("{2150E333-8FDC-42A3-9474-1A3956D46DE8}") = "Presentation", "Presentation", "{4F9CD60F-3F75-4F37-BE21-00EB2A5CEA84}"
EndProject
Project("{2150E333-8FDC-42A3-9474-1A3956D46DE8}") = "Infrastructure.IoC", "Infrastructure.IoC", "{FF287A5A-A3FE-4D43-967B-9F43495277AC}"
EndProject
Project("{FAE04EC0-301F-11D3-BF4B-00C04F79EFBC}") = "MicroRabbit.Domain.Core", "Domain\MicroRabbit.Domain.Core\MicroRabbit.Domain.Core.csproj", "{3B466867-7AF7-4E78-8930-9E3C83962921}"
EndProject
Global
	GlobalSection(SolutionConfigurationPlatforms) = preSolution
		Debug|Any CPU = Debug|Any CPU
		Release|Any CPU = Release|Any CPU
	EndGlobalSection
	GlobalSection(ProjectConfigurationPlatforms) = postSolution
		{3B466867-7AF7-4E78-8930-9E3C83962921}.Debug|Any CPU.ActiveCfg = Debug|Any CPU
		{3B466867-7AF7-4E78-8930-9E3C83962921}.Debug|Any CPU.Build.0 = Debug|Any CPU
		{3B466867-7AF7-4E78-8930-9E3C83962921}.Release|Any CPU.ActiveCfg = Release|Any CPU
		{3B466867-7AF7-4E78-8930-9E3C83962921}.Release|Any CPU.Build.0 = Release|Any CPU
	EndGlobalSection
	GlobalSection(SolutionProperties) = preSolution
		HideSolutionNode = FALSE
	EndGlobalSection
	GlobalSection(NestedProjects) = preSolution
		{3B466867-7AF7-4E78-8930-9E3C83962921} = {311E4C1E-13CE-4862-90AF-ECE223914F20}
	EndGlobalSection
	GlobalSection(ExtensibilityGlobals) = postSolution
		SolutionGuid = {AFC6FABE-C91C-4682-877C-478F689F4156}
	EndGlobalSection
EndGlobal
